<?xml version="1.0" encoding="utf-8"?>
<Project ToolsVersion="17.0" xmlns="http://schemas.microsoft.com/developer/msbuild/2003">
  <ItemGroup>
    <ClCompile Include="E:\PPS\Baitap\game\LTNC-GameN6-main\10_Network\Source\Main.cpp">
      <Filter>Source Files</Filter>
    </ClCompile>
    <ClCompile Include="E:\PPS\Baitap\game\LTNC-GameN6-main\10_Network\Source\Aircraft.cpp">
      <Filter>Source Files</Filter>
    </ClCompile>
    <ClCompile Include="E:\PPS\Baitap\game\LTNC-GameN6-main\10_Network\Source\Animation.cpp">
      <Filter>Source Files</Filter>
    </ClCompile>
    <ClCompile Include="E:\PPS\Baitap\game\LTNC-GameN6-main\10_Network\Source\Application.cpp">
      <Filter>Source Files</Filter>
    </ClCompile>
    <ClCompile Include="E:\PPS\Baitap\game\LTNC-GameN6-main\10_Network\Source\Button.cpp">
      <Filter>Source Files</Filter>
    </ClCompile>
    <ClCompile Include="E:\PPS\Baitap\game\LTNC-GameN6-main\10_Network\Source\BloomEffect.cpp">
      <Filter>Source Files</Filter>
    </ClCompile>
    <ClCompile Include="E:\PPS\Baitap\game\LTNC-GameN6-main\10_Network\Source\Command.cpp">
      <Filter>Source Files</Filter>
    </ClCompile>
    <ClCompile Include="E:\PPS\Baitap\game\LTNC-GameN6-main\10_Network\Source\CommandQueue.cpp">
      <Filter>Source Files</Filter>
    </ClCompile>
    <ClCompile Include="E:\PPS\Baitap\game\LTNC-GameN6-main\10_Network\Source\Component.cpp">
      <Filter>Source Files</Filter>
    </ClCompile>
    <ClCompile Include="E:\PPS\Baitap\game\LTNC-GameN6-main\10_Network\Source\Container.cpp">
      <Filter>Source Files</Filter>
    </ClCompile>
    <ClCompile Include="E:\PPS\Baitap\game\LTNC-GameN6-main\10_Network\Source\DataTables.cpp">
      <Filter>Source Files</Filter>
    </ClCompile>
    <ClCompile Include="E:\PPS\Baitap\game\LTNC-GameN6-main\10_Network\Source\EmitterNode.cpp">
      <Filter>Source Files</Filter>
    </ClCompile>
    <ClCompile Include="E:\PPS\Baitap\game\LTNC-GameN6-main\10_Network\Source\Entity.cpp">
      <Filter>Source Files</Filter>
    </ClCompile>
    <ClCompile Include="E:\PPS\Baitap\game\LTNC-GameN6-main\10_Network\Source\GameOverState.cpp">
      <Filter>Source Files</Filter>
    </ClCompile>
    <ClCompile Include="E:\PPS\Baitap\game\LTNC-GameN6-main\10_Network\Source\GameServer.cpp">
      <Filter>Source Files</Filter>
    </ClCompile>
    <ClCompile Include="E:\PPS\Baitap\game\LTNC-GameN6-main\10_Network\Source\GameState.cpp">
      <Filter>Source Files</Filter>
    </ClCompile>
    <ClCompile Include="E:\PPS\Baitap\game\LTNC-GameN6-main\10_Network\Source\KeyBinding.cpp">
      <Filter>Source Files</Filter>
    </ClCompile>
    <ClCompile Include="E:\PPS\Baitap\game\LTNC-GameN6-main\10_Network\Source\Label.cpp">
      <Filter>Source Files</Filter>
    </ClCompile>
    <ClCompile Include="E:\PPS\Baitap\game\LTNC-GameN6-main\10_Network\Source\MenuState.cpp">
      <Filter>Source Files</Filter>
    </ClCompile>
    <ClCompile Include="E:\PPS\Baitap\game\LTNC-GameN6-main\10_Network\Source\MultiplayerGameState.cpp">
      <Filter>Source Files</Filter>
    </ClCompile>
    <ClCompile Include="E:\PPS\Baitap\game\LTNC-GameN6-main\10_Network\Source\MusicPlayer.cpp">
      <Filter>Source Files</Filter>
    </ClCompile>
    <ClCompile Include="E:\PPS\Baitap\game\LTNC-GameN6-main\10_Network\Source\NetworkNode.cpp">
      <Filter>Source Files</Filter>
    </ClCompile>
    <ClCompile Include="E:\PPS\Baitap\game\LTNC-GameN6-main\10_Network\Source\PauseState.cpp">
      <Filter>Source Files</Filter>
    </ClCompile>
    <ClCompile Include="E:\PPS\Baitap\game\LTNC-GameN6-main\10_Network\Source\ParticleNode.cpp">
      <Filter>Source Files</Filter>
    </ClCompile>
    <ClCompile Include="E:\PPS\Baitap\game\LTNC-GameN6-main\10_Network\Source\Pickup.cpp">
      <Filter>Source Files</Filter>
    </ClCompile>
    <ClCompile Include="E:\PPS\Baitap\game\LTNC-GameN6-main\10_Network\Source\Player.cpp">
      <Filter>Source Files</Filter>
    </ClCompile>
    <ClCompile Include="E:\PPS\Baitap\game\LTNC-GameN6-main\10_Network\Source\PostEffect.cpp">
      <Filter>Source Files</Filter>
    </ClCompile>
    <ClCompile Include="E:\PPS\Baitap\game\LTNC-GameN6-main\10_Network\Source\Projectile.cpp">
      <Filter>Source Files</Filter>
    </ClCompile>
    <ClCompile Include="E:\PPS\Baitap\game\LTNC-GameN6-main\10_Network\Source\SceneNode.cpp">
      <Filter>Source Files</Filter>
    </ClCompile>
    <ClCompile Include="E:\PPS\Baitap\game\LTNC-GameN6-main\10_Network\Source\SettingsState.cpp">
      <Filter>Source Files</Filter>
    </ClCompile>
    <ClCompile Include="E:\PPS\Baitap\game\LTNC-GameN6-main\10_Network\Source\SpriteNode.cpp">
      <Filter>Source Files</Filter>
    </ClCompile>
    <ClCompile Include="E:\PPS\Baitap\game\LTNC-GameN6-main\10_Network\Source\TextNode.cpp">
      <Filter>Source Files</Filter>
    </ClCompile>
    <ClCompile Include="E:\PPS\Baitap\game\LTNC-GameN6-main\10_Network\Source\SoundNode.cpp">
      <Filter>Source Files</Filter>
    </ClCompile>
    <ClCompile Include="E:\PPS\Baitap\game\LTNC-GameN6-main\10_Network\Source\SoundPlayer.cpp">
      <Filter>Source Files</Filter>
    </ClCompile>
    <ClCompile Include="E:\PPS\Baitap\game\LTNC-GameN6-main\10_Network\Source\State.cpp">
      <Filter>Source Files</Filter>
    </ClCompile>
    <ClCompile Include="E:\PPS\Baitap\game\LTNC-GameN6-main\10_Network\Source\StateStack.cpp">
      <Filter>Source Files</Filter>
    </ClCompile>
    <ClCompile Include="E:\PPS\Baitap\game\LTNC-GameN6-main\10_Network\Source\TitleState.cpp">
      <Filter>Source Files</Filter>
    </ClCompile>
    <ClCompile Include="E:\PPS\Baitap\game\LTNC-GameN6-main\10_Network\Source\Utility.cpp">
      <Filter>Source Files</Filter>
    </ClCompile>
    <ClCompile Include="E:\PPS\Baitap\game\LTNC-GameN6-main\10_Network\Source\World.cpp">
      <Filter>Source Files</Filter>
    </ClCompile>
  </ItemGroup>
  <ItemGroup>
    <CustomBuild Include="E:\PPS\Baitap\game\LTNC-GameN6-main\10_Network\Source\CMakeLists.txt" />
  </ItemGroup>
  <ItemGroup>
    <Filter Include="Source Files">
      <UniqueIdentifier>{8C7A7239-623D-3B31-9C93-21488215BD97}</UniqueIdentifier>
    </Filter>
  </ItemGroup>
</Project>
