
Microsoft Visual Studio Solution File, Format Version 12.00
# Visual Studio Version 17
Project("{8BC9CEB8-8B4A-11D0-8D11-00A0C91BC942}") = "ALL_BUILD", "ALL_BUILD.vcxproj", "{19F7E6C4-F80A-3A96-8C56-231FB54FEB60}"
	ProjectSection(ProjectDependencies) = postProject
		{618460C7-AB89-378E-8459-E2F382F89AD0} = {618460C7-AB89-378E-8459-E2F382F89AD0}
		{4A5C3D68-BEA3-385E-BFB6-47C2593A6BDB} = {4A5C3D68-BEA3-385E-BFB6-47C2593A6BDB}
		{DCC9D1B8-45FA-3B6E-BB06-A20C8A4A3627} = {DCC9D1B8-45FA-3B6E-BB06-A20C8A4A3627}
		{E929F354-1234-3E2C-ACF6-4AE4B62A8EDA} = {E929F354-1234-3E2C-ACF6-4AE4B62A8EDA}
		{48A2DBD6-7664-3B09-B034-2E6E3E24F3D6} = {48A2DBD6-7664-3B09-B034-2E6E3E24F3D6}
		{2C22427E-B6FE-3CF1-ACA0-D78AD4179A70} = {2C22427E-B6FE-3CF1-ACA0-D78AD4179A70}
		{C88601D3-6968-3373-BD3A-E67A03D82527} = {C88601D3-6968-3373-BD3A-E67A03D82527}
		{8F387DB5-8DED-3DC7-8215-BA67730AAB6F} = {8F387DB5-8DED-3DC7-8215-BA67730AAB6F}
		{8F1EA5BB-545A-3184-9E7B-E1746238F0F0} = {8F1EA5BB-545A-3184-9E7B-E1746238F0F0}
		{384B6A26-E80C-3157-BE29-EF43E74268F3} = {384B6A26-E80C-3157-BE29-EF43E74268F3}
		{62B6689D-369F-3881-943E-952075FA2ABE} = {62B6689D-369F-3881-943E-952075FA2ABE}
	EndProjectSection
EndProject
Project("{8BC9CEB8-8B4A-11D0-8D11-00A0C91BC942}") = "01_Intro", "01_Intro\Source\01_Intro.vcxproj", "{618460C7-AB89-378E-8459-E2F382F89AD0}"
	ProjectSection(ProjectDependencies) = postProject
		{62B6689D-369F-3881-943E-952075FA2ABE} = {62B6689D-369F-3881-943E-952075FA2ABE}
	EndProjectSection
EndProject
Project("{8BC9CEB8-8B4A-11D0-8D11-00A0C91BC942}") = "02_Resources", "02_Resources\Source\02_Resources.vcxproj", "{4A5C3D68-BEA3-385E-BFB6-47C2593A6BDB}"
	ProjectSection(ProjectDependencies) = postProject
		{62B6689D-369F-3881-943E-952075FA2ABE} = {62B6689D-369F-3881-943E-952075FA2ABE}
	EndProjectSection
EndProject
Project("{8BC9CEB8-8B4A-11D0-8D11-00A0C91BC942}") = "03_World", "03_World\Source\03_World.vcxproj", "{DCC9D1B8-45FA-3B6E-BB06-A20C8A4A3627}"
	ProjectSection(ProjectDependencies) = postProject
		{62B6689D-369F-3881-943E-952075FA2ABE} = {62B6689D-369F-3881-943E-952075FA2ABE}
	EndProjectSection
EndProject
Project("{8BC9CEB8-8B4A-11D0-8D11-00A0C91BC942}") = "04_Input", "04_Input\Source\04_Input.vcxproj", "{E929F354-1234-3E2C-ACF6-4AE4B62A8EDA}"
	ProjectSection(ProjectDependencies) = postProject
		{62B6689D-369F-3881-943E-952075FA2ABE} = {62B6689D-369F-3881-943E-952075FA2ABE}
	EndProjectSection
EndProject
Project("{8BC9CEB8-8B4A-11D0-8D11-00A0C91BC942}") = "05_States", "05_States\Source\05_States.vcxproj", "{48A2DBD6-7664-3B09-B034-2E6E3E24F3D6}"
	ProjectSection(ProjectDependencies) = postProject
		{62B6689D-369F-3881-943E-952075FA2ABE} = {62B6689D-369F-3881-943E-952075FA2ABE}
	EndProjectSection
EndProject
Project("{8BC9CEB8-8B4A-11D0-8D11-00A0C91BC942}") = "06_Menus", "06_Menus\Source\06_Menus.vcxproj", "{2C22427E-B6FE-3CF1-ACA0-D78AD4179A70}"
	ProjectSection(ProjectDependencies) = postProject
		{62B6689D-369F-3881-943E-952075FA2ABE} = {62B6689D-369F-3881-943E-952075FA2ABE}
	EndProjectSection
EndProject
Project("{8BC9CEB8-8B4A-11D0-8D11-00A0C91BC942}") = "07_Gameplay", "07_Gameplay\Source\07_Gameplay.vcxproj", "{C88601D3-6968-3373-BD3A-E67A03D82527}"
	ProjectSection(ProjectDependencies) = postProject
		{62B6689D-369F-3881-943E-952075FA2ABE} = {62B6689D-369F-3881-943E-952075FA2ABE}
	EndProjectSection
EndProject
Project("{8BC9CEB8-8B4A-11D0-8D11-00A0C91BC942}") = "08_Graphics", "08_Graphics\Source\08_Graphics.vcxproj", "{8F387DB5-8DED-3DC7-8215-BA67730AAB6F}"
	ProjectSection(ProjectDependencies) = postProject
		{62B6689D-369F-3881-943E-952075FA2ABE} = {62B6689D-369F-3881-943E-952075FA2ABE}
	EndProjectSection
EndProject
Project("{8BC9CEB8-8B4A-11D0-8D11-00A0C91BC942}") = "09_Audio", "09_Audio\Source\09_Audio.vcxproj", "{8F1EA5BB-545A-3184-9E7B-E1746238F0F0}"
	ProjectSection(ProjectDependencies) = postProject
		{62B6689D-369F-3881-943E-952075FA2ABE} = {62B6689D-369F-3881-943E-952075FA2ABE}
	EndProjectSection
EndProject
Project("{8BC9CEB8-8B4A-11D0-8D11-00A0C91BC942}") = "10_Network", "10_Network\Source\10_Network.vcxproj", "{384B6A26-E80C-3157-BE29-EF43E74268F3}"
	ProjectSection(ProjectDependencies) = postProject
		{62B6689D-369F-3881-943E-952075FA2ABE} = {62B6689D-369F-3881-943E-952075FA2ABE}
	EndProjectSection
EndProject
Project("{8BC9CEB8-8B4A-11D0-8D11-00A0C91BC942}") = "INSTALL", "INSTALL.vcxproj", "{46D56AEF-ED93-3683-B691-B09CBDD03D2C}"
	ProjectSection(ProjectDependencies) = postProject
		{19F7E6C4-F80A-3A96-8C56-231FB54FEB60} = {19F7E6C4-F80A-3A96-8C56-231FB54FEB60}
		{62B6689D-369F-3881-943E-952075FA2ABE} = {62B6689D-369F-3881-943E-952075FA2ABE}
	EndProjectSection
EndProject
Project("{8BC9CEB8-8B4A-11D0-8D11-00A0C91BC942}") = "ZERO_CHECK", "ZERO_CHECK.vcxproj", "{62B6689D-369F-3881-943E-952075FA2ABE}"
	ProjectSection(ProjectDependencies) = postProject
	EndProjectSection
EndProject
Global
	GlobalSection(SolutionConfigurationPlatforms) = preSolution
		Debug|x64 = Debug|x64
		Release|x64 = Release|x64
	EndGlobalSection
	GlobalSection(ProjectConfigurationPlatforms) = postSolution
		{19F7E6C4-F80A-3A96-8C56-231FB54FEB60}.Debug|x64.ActiveCfg = Debug|x64
		{19F7E6C4-F80A-3A96-8C56-231FB54FEB60}.Debug|x64.Build.0 = Debug|x64
		{19F7E6C4-F80A-3A96-8C56-231FB54FEB60}.Release|x64.ActiveCfg = Release|x64
		{19F7E6C4-F80A-3A96-8C56-231FB54FEB60}.Release|x64.Build.0 = Release|x64
		{618460C7-AB89-378E-8459-E2F382F89AD0}.Debug|x64.ActiveCfg = Debug|x64
		{618460C7-AB89-378E-8459-E2F382F89AD0}.Debug|x64.Build.0 = Debug|x64
		{618460C7-AB89-378E-8459-E2F382F89AD0}.Release|x64.ActiveCfg = Release|x64
		{618460C7-AB89-378E-8459-E2F382F89AD0}.Release|x64.Build.0 = Release|x64
		{4A5C3D68-BEA3-385E-BFB6-47C2593A6BDB}.Debug|x64.ActiveCfg = Debug|x64
		{4A5C3D68-BEA3-385E-BFB6-47C2593A6BDB}.Debug|x64.Build.0 = Debug|x64
		{4A5C3D68-BEA3-385E-BFB6-47C2593A6BDB}.Release|x64.ActiveCfg = Release|x64
		{4A5C3D68-BEA3-385E-BFB6-47C2593A6BDB}.Release|x64.Build.0 = Release|x64
		{DCC9D1B8-45FA-3B6E-BB06-A20C8A4A3627}.Debug|x64.ActiveCfg = Debug|x64
		{DCC9D1B8-45FA-3B6E-BB06-A20C8A4A3627}.Debug|x64.Build.0 = Debug|x64
		{DCC9D1B8-45FA-3B6E-BB06-A20C8A4A3627}.Release|x64.ActiveCfg = Release|x64
		{DCC9D1B8-45FA-3B6E-BB06-A20C8A4A3627}.Release|x64.Build.0 = Release|x64
		{E929F354-1234-3E2C-ACF6-4AE4B62A8EDA}.Debug|x64.ActiveCfg = Debug|x64
		{E929F354-1234-3E2C-ACF6-4AE4B62A8EDA}.Debug|x64.Build.0 = Debug|x64
		{E929F354-1234-3E2C-ACF6-4AE4B62A8EDA}.Release|x64.ActiveCfg = Release|x64
		{E929F354-1234-3E2C-ACF6-4AE4B62A8EDA}.Release|x64.Build.0 = Release|x64
		{48A2DBD6-7664-3B09-B034-2E6E3E24F3D6}.Debug|x64.ActiveCfg = Debug|x64
		{48A2DBD6-7664-3B09-B034-2E6E3E24F3D6}.Debug|x64.Build.0 = Debug|x64
		{48A2DBD6-7664-3B09-B034-2E6E3E24F3D6}.Release|x64.ActiveCfg = Release|x64
		{48A2DBD6-7664-3B09-B034-2E6E3E24F3D6}.Release|x64.Build.0 = Release|x64
		{2C22427E-B6FE-3CF1-ACA0-D78AD4179A70}.Debug|x64.ActiveCfg = Debug|x64
		{2C22427E-B6FE-3CF1-ACA0-D78AD4179A70}.Debug|x64.Build.0 = Debug|x64
		{2C22427E-B6FE-3CF1-ACA0-D78AD4179A70}.Release|x64.ActiveCfg = Release|x64
		{2C22427E-B6FE-3CF1-ACA0-D78AD4179A70}.Release|x64.Build.0 = Release|x64
		{C88601D3-6968-3373-BD3A-E67A03D82527}.Debug|x64.ActiveCfg = Debug|x64
		{C88601D3-6968-3373-BD3A-E67A03D82527}.Debug|x64.Build.0 = Debug|x64
		{C88601D3-6968-3373-BD3A-E67A03D82527}.Release|x64.ActiveCfg = Release|x64
		{C88601D3-6968-3373-BD3A-E67A03D82527}.Release|x64.Build.0 = Release|x64
		{8F387DB5-8DED-3DC7-8215-BA67730AAB6F}.Debug|x64.ActiveCfg = Debug|x64
		{8F387DB5-8DED-3DC7-8215-BA67730AAB6F}.Debug|x64.Build.0 = Debug|x64
		{8F387DB5-8DED-3DC7-8215-BA67730AAB6F}.Release|x64.ActiveCfg = Release|x64
		{8F387DB5-8DED-3DC7-8215-BA67730AAB6F}.Release|x64.Build.0 = Release|x64
		{8F1EA5BB-545A-3184-9E7B-E1746238F0F0}.Debug|x64.ActiveCfg = Debug|x64
		{8F1EA5BB-545A-3184-9E7B-E1746238F0F0}.Debug|x64.Build.0 = Debug|x64
		{8F1EA5BB-545A-3184-9E7B-E1746238F0F0}.Release|x64.ActiveCfg = Release|x64
		{8F1EA5BB-545A-3184-9E7B-E1746238F0F0}.Release|x64.Build.0 = Release|x64
		{384B6A26-E80C-3157-BE29-EF43E74268F3}.Debug|x64.ActiveCfg = Debug|x64
		{384B6A26-E80C-3157-BE29-EF43E74268F3}.Debug|x64.Build.0 = Debug|x64
		{384B6A26-E80C-3157-BE29-EF43E74268F3}.Release|x64.ActiveCfg = Release|x64
		{384B6A26-E80C-3157-BE29-EF43E74268F3}.Release|x64.Build.0 = Release|x64
		{46D56AEF-ED93-3683-B691-B09CBDD03D2C}.Debug|x64.ActiveCfg = Debug|x64
		{46D56AEF-ED93-3683-B691-B09CBDD03D2C}.Release|x64.ActiveCfg = Release|x64
		{62B6689D-369F-3881-943E-952075FA2ABE}.Debug|x64.ActiveCfg = Debug|x64
		{62B6689D-369F-3881-943E-952075FA2ABE}.Debug|x64.Build.0 = Debug|x64
		{62B6689D-369F-3881-943E-952075FA2ABE}.Release|x64.ActiveCfg = Release|x64
		{62B6689D-369F-3881-943E-952075FA2ABE}.Release|x64.Build.0 = Release|x64
	EndGlobalSection
	GlobalSection(ExtensibilityGlobals) = postSolution
		SolutionGuid = {59B6EBDA-A055-33EA-BDF2-B0743F254EC2}
	EndGlobalSection
	GlobalSection(ExtensibilityAddIns) = postSolution
	EndGlobalSection
EndGlobal
