<?xml version="1.0" encoding="utf-8"?>
<Project ToolsVersion="17.0" xmlns="http://schemas.microsoft.com/developer/msbuild/2003">
  <ItemGroup>
    <ClCompile Include="E:\PPS\Baitap\game\LTNC-GameN6-main\07_Gameplay\Source\Main.cpp">
      <Filter>Source Files</Filter>
    </ClCompile>
    <ClCompile Include="E:\PPS\Baitap\game\LTNC-GameN6-main\07_Gameplay\Source\Aircraft.cpp">
      <Filter>Source Files</Filter>
    </ClCompile>
    <ClCompile Include="E:\PPS\Baitap\game\LTNC-GameN6-main\07_Gameplay\Source\Application.cpp">
      <Filter>Source Files</Filter>
    </ClCompile>
    <ClCompile Include="E:\PPS\Baitap\game\LTNC-GameN6-main\07_Gameplay\Source\Button.cpp">
      <Filter>Source Files</Filter>
    </ClCompile>
    <ClCompile Include="E:\PPS\Baitap\game\LTNC-GameN6-main\07_Gameplay\Source\Command.cpp">
      <Filter>Source Files</Filter>
    </ClCompile>
    <ClCompile Include="E:\PPS\Baitap\game\LTNC-GameN6-main\07_Gameplay\Source\CommandQueue.cpp">
      <Filter>Source Files</Filter>
    </ClCompile>
    <ClCompile Include="E:\PPS\Baitap\game\LTNC-GameN6-main\07_Gameplay\Source\Component.cpp">
      <Filter>Source Files</Filter>
    </ClCompile>
    <ClCompile Include="E:\PPS\Baitap\game\LTNC-GameN6-main\07_Gameplay\Source\Container.cpp">
      <Filter>Source Files</Filter>
    </ClCompile>
    <ClCompile Include="E:\PPS\Baitap\game\LTNC-GameN6-main\07_Gameplay\Source\DataTables.cpp">
      <Filter>Source Files</Filter>
    </ClCompile>
    <ClCompile Include="E:\PPS\Baitap\game\LTNC-GameN6-main\07_Gameplay\Source\Entity.cpp">
      <Filter>Source Files</Filter>
    </ClCompile>
    <ClCompile Include="E:\PPS\Baitap\game\LTNC-GameN6-main\07_Gameplay\Source\GameOverState.cpp">
      <Filter>Source Files</Filter>
    </ClCompile>
    <ClCompile Include="E:\PPS\Baitap\game\LTNC-GameN6-main\07_Gameplay\Source\GameState.cpp">
      <Filter>Source Files</Filter>
    </ClCompile>
    <ClCompile Include="E:\PPS\Baitap\game\LTNC-GameN6-main\07_Gameplay\Source\Label.cpp">
      <Filter>Source Files</Filter>
    </ClCompile>
    <ClCompile Include="E:\PPS\Baitap\game\LTNC-GameN6-main\07_Gameplay\Source\MenuState.cpp">
      <Filter>Source Files</Filter>
    </ClCompile>
    <ClCompile Include="E:\PPS\Baitap\game\LTNC-GameN6-main\07_Gameplay\Source\PauseState.cpp">
      <Filter>Source Files</Filter>
    </ClCompile>
    <ClCompile Include="E:\PPS\Baitap\game\LTNC-GameN6-main\07_Gameplay\Source\Pickup.cpp">
      <Filter>Source Files</Filter>
    </ClCompile>
    <ClCompile Include="E:\PPS\Baitap\game\LTNC-GameN6-main\07_Gameplay\Source\Player.cpp">
      <Filter>Source Files</Filter>
    </ClCompile>
    <ClCompile Include="E:\PPS\Baitap\game\LTNC-GameN6-main\07_Gameplay\Source\Projectile.cpp">
      <Filter>Source Files</Filter>
    </ClCompile>
    <ClCompile Include="E:\PPS\Baitap\game\LTNC-GameN6-main\07_Gameplay\Source\SceneNode.cpp">
      <Filter>Source Files</Filter>
    </ClCompile>
    <ClCompile Include="E:\PPS\Baitap\game\LTNC-GameN6-main\07_Gameplay\Source\SettingsState.cpp">
      <Filter>Source Files</Filter>
    </ClCompile>
    <ClCompile Include="E:\PPS\Baitap\game\LTNC-GameN6-main\07_Gameplay\Source\SpriteNode.cpp">
      <Filter>Source Files</Filter>
    </ClCompile>
    <ClCompile Include="E:\PPS\Baitap\game\LTNC-GameN6-main\07_Gameplay\Source\TextNode.cpp">
      <Filter>Source Files</Filter>
    </ClCompile>
    <ClCompile Include="E:\PPS\Baitap\game\LTNC-GameN6-main\07_Gameplay\Source\State.cpp">
      <Filter>Source Files</Filter>
    </ClCompile>
    <ClCompile Include="E:\PPS\Baitap\game\LTNC-GameN6-main\07_Gameplay\Source\StateStack.cpp">
      <Filter>Source Files</Filter>
    </ClCompile>
    <ClCompile Include="E:\PPS\Baitap\game\LTNC-GameN6-main\07_Gameplay\Source\TitleState.cpp">
      <Filter>Source Files</Filter>
    </ClCompile>
    <ClCompile Include="E:\PPS\Baitap\game\LTNC-GameN6-main\07_Gameplay\Source\Utility.cpp">
      <Filter>Source Files</Filter>
    </ClCompile>
    <ClCompile Include="E:\PPS\Baitap\game\LTNC-GameN6-main\07_Gameplay\Source\World.cpp">
      <Filter>Source Files</Filter>
    </ClCompile>
  </ItemGroup>
  <ItemGroup>
    <CustomBuild Include="E:\PPS\Baitap\game\LTNC-GameN6-main\07_Gameplay\Source\CMakeLists.txt" />
  </ItemGroup>
  <ItemGroup>
    <Filter Include="Source Files">
      <UniqueIdentifier>{8C7A7239-623D-3B31-9C93-21488215BD97}</UniqueIdentifier>
    </Filter>
  </ItemGroup>
</Project>
