<?xml version="1.0" encoding="utf-8"?>
<Project ToolsVersion="17.0" xmlns="http://schemas.microsoft.com/developer/msbuild/2003">
  <ItemGroup>
    <CustomBuild Include="E:\GAME LTNC\CMakeFiles\93ace291bab155c0093cc723e6b2d4ad\INSTALL_force.rule">
      <Filter>CMake Rules</Filter>
    </CustomBuild>
  </ItemGroup>
  <ItemGroup>
    <Filter Include="CMake Rules">
      <UniqueIdentifier>{7C05CF26-62A8-3535-896F-B823E1827C89}</UniqueIdentifier>
    </Filter>
  </ItemGroup>
</Project>
